
Microsoft Visual Studio Solution File, Format Version 12.00
# Visual Studio Version 17
VisualStudioVersion = 17.13.35931.197
MinimumVisualStudioVersion = 10.0.40219.1
Project("{8BC9CEB8-8B4A-11D0-8D11-00A0C91BC942}") = "InvernaderoModel", "InvernaderoModel\InvernaderoModel.vcxproj", "{AE302862-BC23-4966-76C2-C23F8639F7F0}"
EndProject
Project("{8BC9CEB8-8B4A-11D0-8D11-00A0C91BC942}") = "InvernaderoView", "InvernaderoView\InvernaderoView.vcxproj", "{8E3F19F7-3E43-31B6-29B1-AFA3FDE3B818}"
EndProject
Global
	GlobalSection(SolutionConfigurationPlatforms) = preSolution
		Debug|x64 = Debug|x64
		Debug|x86 = Debug|x86
		Release|x64 = Release|x64
		Release|x86 = Release|x86
	EndGlobalSection
	GlobalSection(ProjectConfigurationPlatforms) = postSolution
		{AE302862-BC23-4966-76C2-C23F8639F7F0}.Debug|x64.ActiveCfg = Debug|x64
		{AE302862-BC23-4966-76C2-C23F8639F7F0}.Debug|x64.Build.0 = Debug|x64
		{AE302862-BC23-4966-76C2-C23F8639F7F0}.Debug|x86.ActiveCfg = Debug|Win32
		{AE302862-BC23-4966-76C2-C23F8639F7F0}.Debug|x86.Build.0 = Debug|Win32
		{AE302862-BC23-4966-76C2-C23F8639F7F0}.Release|x64.ActiveCfg = Release|x64
		{AE302862-BC23-4966-76C2-C23F8639F7F0}.Release|x64.Build.0 = Release|x64
		{AE302862-BC23-4966-76C2-C23F8639F7F0}.Release|x86.ActiveCfg = Release|Win32
		{AE302862-BC23-4966-76C2-C23F8639F7F0}.Release|x86.Build.0 = Release|Win32
		{8E3F19F7-3E43-31B6-29B1-AFA3FDE3B818}.Debug|x64.ActiveCfg = Debug|x64
		{8E3F19F7-3E43-31B6-29B1-AFA3FDE3B818}.Debug|x64.Build.0 = Debug|x64
		{8E3F19F7-3E43-31B6-29B1-AFA3FDE3B818}.Debug|x86.ActiveCfg = Debug|Win32
		{8E3F19F7-3E43-31B6-29B1-AFA3FDE3B818}.Debug|x86.Build.0 = Debug|Win32
		{8E3F19F7-3E43-31B6-29B1-AFA3FDE3B818}.Release|x64.ActiveCfg = Release|x64
		{8E3F19F7-3E43-31B6-29B1-AFA3FDE3B818}.Release|x64.Build.0 = Release|x64
		{8E3F19F7-3E43-31B6-29B1-AFA3FDE3B818}.Release|x86.ActiveCfg = Release|Win32
		{8E3F19F7-3E43-31B6-29B1-AFA3FDE3B818}.Release|x86.Build.0 = Release|Win32
	EndGlobalSection
	GlobalSection(SolutionProperties) = preSolution
		HideSolutionNode = FALSE
	EndGlobalSection
	GlobalSection(ExtensibilityGlobals) = postSolution
		SolutionGuid = {DC293E44-6433-47E7-A4DD-6C04E60AED7C}
	EndGlobalSection
EndGlobal
